// !$*UTF8*$!
{
	archiveVersion = 1;
	classes = {
	};
	objectVersion = 50;
	objects = {

/* Begin PBXBuildFile section */
		92E554AE24D88331007AC641 /* AppDelegate.swift in Sources */ = {isa = PBXBuildFile; fileRef = 92E554AD24D88331007AC641 /* AppDelegate.swift */; };
		92E554B024D88331007AC641 /* SceneDelegate.swift in Sources */ = {isa = PBXBuildFile; fileRef = 92E554AF24D88331007AC641 /* SceneDelegate.swift */; };
		92E554B224D88331007AC641 /* ViewController.swift in Sources */ = {isa = PBXBuildFile; fileRef = 92E554B124D88331007AC641 /* ViewController.swift */; };
		92E554B524D88331007AC641 /* Main.storyboard in Resources */ = {isa = PBXBuildFile; fileRef = 92E554B324D88331007AC641 /* Main.storyboard */; };
		92E554B724D88335007AC641 /* Assets.xcassets in Resources */ = {isa = PBXBuildFile; fileRef = 92E554B624D88335007AC641 /* Assets.xcassets */; };
		92E554BA24D88335007AC641 /* LaunchScreen.storyboard in Resources */ = {isa = PBXBuildFile; fileRef = 92E554B824D88335007AC641 /* LaunchScreen.storyboard */; };
/* End PBXBuildFile section */

/* Begin PBXFileReference section */
		92E554AA24D88331007AC641 /* FlickrSearchPhotos.app */ = {isa = PBXFileReference; explicitFileType = wrapper.application; includeInIndex = 0; path = FlickrSearchPhotos.app; sourceTree = BUILT_PRODUCTS_DIR; };
		92E554AD24D88331007AC641 /* AppDelegate.swift */ = {isa = PBXFileReference; lastKnownFileType = sourcecode.swift; path = AppDelegate.swift; sourceTree = "<group>"; };
		92E554AF24D88331007AC641 /* SceneDelegate.swift */ = {isa = PBXFileReference; lastKnownFileType = sourcecode.swift; path = SceneDelegate.swift; sourceTree = "<group>"; };
		92E554B124D88331007AC641 /* ViewController.swift */ = {isa = PBXFileReference; lastKnownFileType = sourcecode.swift; path = ViewController.swift; sourceTree = "<group>"; };
		92E554B424D88331007AC641 /* Base */ = {isa = PBXFileReference; lastKnownFileType = file.storyboard; name = Base; path = Base.lproj/Main.storyboard; sourceTree = "<group>"; };
		92E554B624D88335007AC641 /* Assets.xcassets */ = {isa = PBXFileReference; lastKnownFileType = folder.assetcatalog; path = Assets.xcassets; sourceTree = "<group>"; };
		92E554B924D88335007AC641 /* Base */ = {isa = PBXFileReference; lastKnownFileType = file.storyboard; name = Base; path = Base.lproj/LaunchScreen.storyboard; sourceTree = "<group>"; };
		92E554BB24D88335007AC641 /* Info.plist */ = {isa = PBXFileReference; lastKnownFileType = text.plist.xml; path = Info.plist; sourceTree = "<group>"; };
/* End PBXFileReference section */

/* Begin PBXFrameworksBuildPhase section */
		92E554A724D88331007AC641 /* Frameworks */ = {
			isa = PBXFrameworksBuildPhase;
			buildActionMask = 2147483647;
			files = (
			);
			runOnlyForDeploymentPostprocessing = 0;
		};
/* End PBXFrameworksBuildPhase section */

/* Begin PBXGroup section */
		92E554A124D88331007AC641 = {
			isa = PBXGroup;
			children = (
				92E554AC24D88331007AC641 /* FlickrSearchPhotos */,
				92E554AB24D88331007AC641 /* Products */,
			);
			sourceTree = "<group>";
		};
		92E554AB24D88331007AC641 /* Products */ = {
			isa = PBXGroup;
			children = (
				92E554AA24D88331007AC641 /* FlickrSearchPhotos.app */,
			);
			name = Products;
			sourceTree = "<group>";
		};
		92E554AC24D88331007AC641 /* FlickrSearchPhotos */ = {
			isa = PBXGroup;
			children = (
				92E554AD24D88331007AC641 /* AppDelegate.swift */,
				92E554AF24D88331007AC641 /* SceneDelegate.swift */,
				92E554B124D88331007AC641 /* ViewController.swift */,
				92E554B324D88331007AC641 /* Main.storyboard */,
				92E554B624D88335007AC641 /* Assets.xcassets */,
				92E554B824D88335007AC641 /* LaunchScreen.storyboard */,
				92E554BB24D88335007AC641 /* Info.plist */,
			);
			path = FlickrSearchPhotos;
			sourceTree = "<group>";
		};
/* End PBXGroup section */

/* Begin PBXNativeTarget section */
		92E554A924D88331007AC641 /* FlickrSearchPhotos */ = {
			isa = PBXNativeTarget;
			buildConfigurationList = 92E554BE24D88335007AC641 /* Build configuration list for PBXNativeTarget "FlickrSearchPhotos" */;
			buildPhases = (
				92E554A624D88331007AC641 /* Sources */,
				92E554A724D88331007AC641 /* Frameworks */,
				92E554A824D88331007AC641 /* Resources */,
			);
			buildRules = (
			);
			dependencies = (
			);
			name = FlickrSearchPhotos;
			productName = FlickrSearchPhotos;
			productReference = 92E554AA24D88331007AC641 /* FlickrSearchPhotos.app */;
			productType = "com.apple.product-type.application";
		};
/* End PBXNativeTarget section */

/* Begin PBXProject section */
		92E554A224D88331007AC641 /* Project object */ = {
			isa = PBXProject;
			attributes = {
				LastSwiftUpdateCheck = 1160;
				LastUpgradeCheck = 1160;
				ORGANIZATIONNAME = "Denis Ivanov";
				TargetAttributes = {
					92E554A924D88331007AC641 = {
						CreatedOnToolsVersion = 11.6;
					};
				};
			};
			buildConfigurationList = 92E554A524D88331007AC641 /* Build configuration list for PBXProject "FlickrSearchPhotos" */;
			compatibilityVersion = "Xcode 9.3";
			developmentRegion = en;
			hasScannedForEncodings = 0;
			knownRegions = (
				en,
				Base,
			);
			mainGroup = 92E554A124D88331007AC641;
			productRefGroup = 92E554AB24D88331007AC641 /* Products */;
			projectDirPath = "";
			projectRoot = "";
			targets = (
				92E554A924D88331007AC641 /* FlickrSearchPhotos */,
			);
		};
/* End PBXProject section */

/* Begin PBXResourcesBuildPhase section */
		92E554A824D88331007AC641 /* Resources */ = {
			isa = PBXResourcesBuildPhase;
			buildActionMask = 2147483647;
			files = (
				92E554BA24D88335007AC641 /* LaunchScreen.storyboard in Resources */,
				92E554B724D88335007AC641 /* Assets.xcassets in Resources */,
				92E554B524D88331007AC641 /* Main.storyboard in Resources */,
			);
			runOnlyForDeploymentPostprocessing = 0;
		};
/* End PBXResourcesBuildPhase section */

/* Begin PBXSourcesBuildPhase section */
		92E554A624D88331007AC641 /* Sources */ = {
			isa = PBXSourcesBuildPhase;
			buildActionMask = 2147483647;
			files = (
				92E554B224D88331007AC641 /* ViewController.swift in Sources */,
				92E554AE24D88331007AC641 /* AppDelegate.swift in Sources */,
				92E554B024D88331007AC641 /* SceneDelegate.swift in Sources */,
			);
			runOnlyForDeploymentPostprocessing = 0;
		};
/* End PBXSourcesBuildPhase section */

/* Begin PBXVariantGroup section */
		92E554B324D88331007AC641 /* Main.storyboard */ = {
			isa = PBXVariantGroup;
			children = (
				92E554B424D88331007AC641 /* Base */,
			);
			name = Main.storyboard;
			sourceTree = "<group>";
		};
		92E554B824D88335007AC641 /* LaunchScreen.storyboard */ = {
			isa = PBXVariantGroup;
			children = (
				92E554B924D88335007AC641 /* Base */,
			);
			name = LaunchScreen.storyboard;
			sourceTree = "<group>";
		};
/* End PBXVariantGroup section */

/* Begin XCBuildConfiguration section */
		92E554BC24D88335007AC641 /* Debug */ = {
			isa = XCBuildConfiguration;
			buildSettings = {
				ALWAYS_SEARCH_USER_PATHS = NO;
				CLANG_ANALYZER_NONNULL = YES;
				CLANG_ANALYZER_NUMBER_OBJECT_CONVERSION = YES_AGGRESSIVE;
				CLANG_CXX_LANGUAGE_STANDARD = "gnu++14";
				CLANG_CXX_LIBRARY = "libc++";
				CLANG_ENABLE_MODULES = YES;
				CLANG_ENABLE_OBJC_ARC = YES;
				CLANG_ENABLE_OBJC_WEAK = YES;
				CLANG_WARN_BLOCK_CAPTURE_AUTORELEASING = YES;
				CLANG_WARN_BOOL_CONVERSION = YES;
				CLANG_WARN_COMMA = YES;
				CLANG_WARN_CONSTANT_CONVERSION = YES;
				CLANG_WARN_DEPRECATED_OBJC_IMPLEMENTATIONS = YES;
				CLANG_WARN_DIRECT_OBJC_ISA_USAGE = YES_ERROR;
				CLANG_WARN_DOCUMENTATION_COMMENTS = YES;
				CLANG_WARN_EMPTY_BODY = YES;
				CLANG_WARN_ENUM_CONVERSION = YES;
				CLANG_WARN_INFINITE_RECURSION = YES;
				CLANG_WARN_INT_CONVERSION = YES;
				CLANG_WARN_NON_LITERAL_NULL_CONVERSION = YES;
				CLANG_WARN_OBJC_IMPLICIT_RETAIN_SELF = YES;
				CLANG_WARN_OBJC_LITERAL_CONVERSION = YES;
				CLANG_WARN_OBJC_ROOT_CLASS = YES_ERROR;
				CLANG_WARN_RANGE_LOOP_ANALYSIS = YES;
				CLANG_WARN_STRICT_PROTOTYPES = YES;
				CLANG_WARN_SUSPICIOUS_MOVE = YES;
				CLANG_WARN_UNGUARDED_AVAILABILITY = YES_AGGRESSIVE;
				CLANG_WARN_UNREACHABLE_CODE = YES;
				CLANG_WARN__DUPLICATE_METHOD_MATCH = YES;
				COPY_PHASE_STRIP = NO;
				DEBUG_INFORMATION_FORMAT = dwarf;
				ENABLE_STRICT_OBJC_MSGSEND = YES;
				ENABLE_TESTABILITY = YES;
				GCC_C_LANGUAGE_STANDARD = gnu11;
				GCC_DYNAMIC_NO_PIC = NO;
				GCC_NO_COMMON_BLOCKS = YES;
				GCC_OPTIMIZATION_LEVEL = 0;
				GCC_PREPROCESSOR_DEFINITIONS = (
					"DEBUG=1",
					"$(inherited)",
				);
				GCC_WARN_64_TO_32_BIT_CONVERSION = YES;
				GCC_WARN_ABOUT_RETURN_TYPE = YES_ERROR;
				GCC_WARN_UNDECLARED_SELECTOR = YES;
				GCC_WARN_UNINITIALIZED_AUTOS = YES_AGGRESSIVE;
				GCC_WARN_UNUSED_FUNCTION = YES;
				GCC_WARN_UNUSED_VARIABLE = YES;
				IPHONEOS_DEPLOYMENT_TARGET = 13.6;
				MTL_ENABLE_DEBUG_INFO = INCLUDE_SOURCE;
				MTL_FAST_MATH = YES;
				ONLY_ACTIVE_ARCH = YES;
				SDKROOT = iphoneos;
				SWIFT_ACTIVE_COMPILATION_CONDITIONS = DEBUG;
				SWIFT_OPTIMIZATION_LEVEL = "-Onone";
			};
			name = Debug;
		};
		92E554BD24D88335007AC641 /* Release */ = {
			isa = XCBuildConfiguration;
			buildSettings = {
				ALWAYS_SEARCH_USER_PATHS = NO;
				CLANG_ANALYZER_NONNULL = YES;
				CLANG_ANALYZER_NUMBER_OBJECT_CONVERSION = YES_AGGRESSIVE;
				CLANG_CXX_LANGUAGE_STANDARD = "gnu++14";
				CLANG_CXX_LIBRARY = "libc++";
				CLANG_ENABLE_MODULES = YES;
				CLANG_ENABLE_OBJC_ARC = YES;
				CLANG_ENABLE_OBJC_WEAK = YES;
				CLANG_WARN_BLOCK_CAPTURE_AUTORELEASING = YES;
				CLANG_WARN_BOOL_CONVERSION = YES;
				CLANG_WARN_COMMA = YES;
				CLANG_WARN_CONSTANT_CONVERSION = YES;
				CLANG_WARN_DEPRECATED_OBJC_IMPLEMENTATIONS = YES;
				CLANG_WARN_DIRECT_OBJC_ISA_USAGE = YES_ERROR;
				CLANG_WARN_DOCUMENTATION_COMMENTS = YES;
				CLANG_WARN_EMPTY_BODY = YES;
				CLANG_WARN_ENUM_CONVERSION = YES;
				CLANG_WARN_INFINITE_RECURSION = YES;
				CLANG_WARN_INT_CONVERSION = YES;
				CLANG_WARN_NON_LITERAL_NULL_CONVERSION = YES;
				CLANG_WARN_OBJC_IMPLICIT_RETAIN_SELF = YES;
				CLANG_WARN_OBJC_LITERAL_CONVERSION = YES;
				CLANG_WARN_OBJC_ROOT_CLASS = YES_ERROR;
				CLANG_WARN_RANGE_LOOP_ANALYSIS = YES;
				CLANG_WARN_STRICT_PROTOTYPES = YES;
				CLANG_WARN_SUSPICIOUS_MOVE = YES;
				CLANG_WARN_UNGUARDED_AVAILABILITY = YES_AGGRESSIVE;
				CLANG_WARN_UNREACHABLE_CODE = YES;
				CLANG_WARN__DUPLICATE_METHOD_MATCH = YES;
				COPY_PHASE_STRIP = NO;
				DEBUG_INFORMATION_FORMAT = "dwarf-with-dsym";
				ENABLE_NS_ASSERTIONS = NO;
				ENABLE_STRICT_OBJC_MSGSEND = YES;
				GCC_C_LANGUAGE_STANDARD = gnu11;
				GCC_NO_COMMON_BLOCKS = YES;
				GCC_WARN_64_TO_32_BIT_CONVERSION = YES;
				GCC_WARN_ABOUT_RETURN_TYPE = YES_ERROR;
				GCC_WARN_UNDECLARED_SELECTOR = YES;
				GCC_WARN_UNINITIALIZED_AUTOS = YES_AGGRESSIVE;
				GCC_WARN_UNUSED_FUNCTION = YES;
				GCC_WARN_UNUSED_VARIABLE = YES;
				IPHONEOS_DEPLOYMENT_TARGET = 13.6;
				MTL_ENABLE_DEBUG_INFO = NO;
				MTL_FAST_MATH = YES;
				SDKROOT = iphoneos;
				SWIFT_COMPILATION_MODE = wholemodule;
				SWIFT_OPTIMIZATION_LEVEL = "-O";
				VALIDATE_PRODUCT = YES;
			};
			name = Release;
		};
		92E554BF24D88335007AC641 /* Debug */ = {
			isa = XCBuildConfiguration;
			buildSettings = {
				ASSETCATALOG_COMPILER_APPICON_NAME = AppIcon;
				CODE_SIGN_STYLE = Automatic;
				DEVELOPMENT_TEAM = 7B369WKZS6;
				INFOPLIST_FILE = FlickrSearchPhotos/Info.plist;
				LD_RUNPATH_SEARCH_PATHS = (
					"$(inherited)",
					"@executable_path/Frameworks",
				);
				PRODUCT_BUNDLE_IDENTIFIER = com.123.FlickrSearchPhotos;
				PRODUCT_NAME = "$(TARGET_NAME)";
				SWIFT_VERSION = 5.0;
				TARGETED_DEVICE_FAMILY = "1,2";
			};
			name = Debug;
		};
		92E554C024D88335007AC641 /* Release */ = {
			isa = XCBuildConfiguration;
			buildSettings = {
				ASSETCATALOG_COMPILER_APPICON_NAME = AppIcon;
				CODE_SIGN_STYLE = Automatic;
				DEVELOPMENT_TEAM = 7B369WKZS6;
				INFOPLIST_FILE = FlickrSearchPhotos/Info.plist;
				LD_RUNPATH_SEARCH_PATHS = (
					"$(inherited)",
					"@executable_path/Frameworks",
				);
				PRODUCT_BUNDLE_IDENTIFIER = com.123.FlickrSearchPhotos;
				PRODUCT_NAME = "$(TARGET_NAME)";
				SWIFT_VERSION = 5.0;
				TARGETED_DEVICE_FAMILY = "1,2";
			};
			name = Release;
		};
/* End XCBuildConfiguration section */

/* Begin XCConfigurationList section */
		92E554A524D88331007AC641 /* Build configuration list for PBXProject "FlickrSearchPhotos" */ = {
			isa = XCConfigurationList;
			buildConfigurations = (
				92E554BC24D88335007AC641 /* Debug */,
				92E554BD24D88335007AC641 /* Release */,
			);
			defaultConfigurationIsVisible = 0;
			defaultConfigurationName = Release;
		};
		92E554BE24D88335007AC641 /* Build configuration list for PBXNativeTarget "FlickrSearchPhotos" */ = {
			isa = XCConfigurationList;
			buildConfigurations = (
				92E554BF24D88335007AC641 /* Debug */,
				92E554C024D88335007AC641 /* Release */,
			);
			defaultConfigurationIsVisible = 0;
			defaultConfigurationName = Release;
		};
/* End XCConfigurationList section */
	};
	rootObject = 92E554A224D88331007AC641 /* Project object */;
}
