// !$*UTF8*$!
{
	archiveVersion = 1;
	classes = {
	};
	objectVersion = 52;
	objects = {

/* Begin PBXBuildFile section */
		9207FB3A2528AC4300B45285 /* CurentDateManager.swift in Sources */ = {isa = PBXBuildFile; fileRef = 9207FB392528AC4300B45285 /* CurentDateManager.swift */; };
		9236318624E80D9E006B4833 /* TabBarViewController.swift in Sources */ = {isa = PBXBuildFile; fileRef = 9236318524E80D9E006B4833 /* TabBarViewController.swift */; };
		9236318824E81494006B4833 /* PopularPhotosViewControler.swift in Sources */ = {isa = PBXBuildFile; fileRef = 9236318724E81494006B4833 /* PopularPhotosViewControler.swift */; };
		9236318A24E81F5B006B4833 /* PopularPhotoViewCell.swift in Sources */ = {isa = PBXBuildFile; fileRef = 9236318924E81F5B006B4833 /* PopularPhotoViewCell.swift */; };
		9247DB0124E9DBDD006A6550 /* Kingfisher in Frameworks */ = {isa = PBXBuildFile; productRef = 9247DB0024E9DBDD006A6550 /* Kingfisher */; };
		926452A6252793340023F473 /* SearchViewCell.swift in Sources */ = {isa = PBXBuildFile; fileRef = 926452A5252793340023F473 /* SearchViewCell.swift */; };
		927272AC2524902800A7A0A9 /* CastomScrollView.swift in Sources */ = {isa = PBXBuildFile; fileRef = 927272AB2524902800A7A0A9 /* CastomScrollView.swift */; };
		928862692523F28E00F64233 /* Assets.xcassets in Resources */ = {isa = PBXBuildFile; fileRef = 928862682523F28E00F64233 /* Assets.xcassets */; };
		929BE28F252A8F4500FC26C0 /* API.swift in Sources */ = {isa = PBXBuildFile; fileRef = 929BE28E252A8F4500FC26C0 /* API.swift */; };
		929BE293252A8F6000FC26C0 /* Endpoint.swift in Sources */ = {isa = PBXBuildFile; fileRef = 929BE292252A8F6000FC26C0 /* Endpoint.swift */; };
		929E2E5425577A7900E8B8C9 /* URL+Extension.swift in Sources */ = {isa = PBXBuildFile; fileRef = 929E2E5325577A7900E8B8C9 /* URL+Extension.swift */; };
		92A1A92324E823B60008356C /* PopularPhotosViewModel.swift in Sources */ = {isa = PBXBuildFile; fileRef = 92A1A92224E823B60008356C /* PopularPhotosViewModel.swift */; };
		92A1A92524E839100008356C /* Photo.swift in Sources */ = {isa = PBXBuildFile; fileRef = 92A1A92424E839100008356C /* Photo.swift */; };
		92A1A92724E839950008356C /* Photos.swift in Sources */ = {isa = PBXBuildFile; fileRef = 92A1A92624E839950008356C /* Photos.swift */; };
		92A1A92924E83AAE0008356C /* JsonPhotoData.swift in Sources */ = {isa = PBXBuildFile; fileRef = 92A1A92824E83AAE0008356C /* JsonPhotoData.swift */; };
		92A1A92B24E83B310008356C /* PopularPhotoViewModelCell.swift in Sources */ = {isa = PBXBuildFile; fileRef = 92A1A92A24E83B310008356C /* PopularPhotoViewModelCell.swift */; };
		92AA73A424EC784600A25F90 /* CollageViewController.swift in Sources */ = {isa = PBXBuildFile; fileRef = 92AA73A324EC784600A25F90 /* CollageViewController.swift */; };
		92B30BAE24DF369F00B84DA3 /* Bulder.swift in Sources */ = {isa = PBXBuildFile; fileRef = 92B30BAD24DF369F00B84DA3 /* Bulder.swift */; };
		92BD01BA24ECA21500ED64A5 /* CollageViewModel.swift in Sources */ = {isa = PBXBuildFile; fileRef = 92BD01B924ECA21500ED64A5 /* CollageViewModel.swift */; };
		92BDA61F25253442008F75F2 /* UIImage+Extension.swift in Sources */ = {isa = PBXBuildFile; fileRef = 92BDA61E25253442008F75F2 /* UIImage+Extension.swift */; };
		92CDC3F524D8ACF100A2D899 /* Cameras.swift in Sources */ = {isa = PBXBuildFile; fileRef = 92CDC3F424D8ACF100A2D899 /* Cameras.swift */; };
		92CDC3F724D8AD0700A2D899 /* Camera.swift in Sources */ = {isa = PBXBuildFile; fileRef = 92CDC3F624D8AD0700A2D899 /* Camera.swift */; };
		92CDC3F924D8AD2400A2D899 /* Details.swift in Sources */ = {isa = PBXBuildFile; fileRef = 92CDC3F824D8AD2400A2D899 /* Details.swift */; };
		92CDC3FB24D8AD3F00A2D899 /* ContentName.swift in Sources */ = {isa = PBXBuildFile; fileRef = 92CDC3FA24D8AD3F00A2D899 /* ContentName.swift */; };
		92CDC3FD24D8AD5700A2D899 /* Images.swift in Sources */ = {isa = PBXBuildFile; fileRef = 92CDC3FC24D8AD5700A2D899 /* Images.swift */; };
		92D6CBAE252764AD00EE27EA /* SearchDetailViewCell.swift in Sources */ = {isa = PBXBuildFile; fileRef = 92D6CBAD252764AD00EE27EA /* SearchDetailViewCell.swift */; };
		92D6CBB22527656E00EE27EA /* SnapKit in Frameworks */ = {isa = PBXBuildFile; productRef = 92D6CBB12527656E00EE27EA /* SnapKit */; };
		92E554AE24D88331007AC641 /* AppDelegate.swift in Sources */ = {isa = PBXBuildFile; fileRef = 92E554AD24D88331007AC641 /* AppDelegate.swift */; };
		92E554B024D88331007AC641 /* SceneDelegate.swift in Sources */ = {isa = PBXBuildFile; fileRef = 92E554AF24D88331007AC641 /* SceneDelegate.swift */; };
		92E554B224D88331007AC641 /* SearchViewController.swift in Sources */ = {isa = PBXBuildFile; fileRef = 92E554B124D88331007AC641 /* SearchViewController.swift */; };
		92E554BA24D88335007AC641 /* LaunchScreen.storyboard in Resources */ = {isa = PBXBuildFile; fileRef = 92E554B824D88335007AC641 /* LaunchScreen.storyboard */; };
		92E554C224D88401007AC641 /* JsonSearch.swift in Sources */ = {isa = PBXBuildFile; fileRef = 92E554C124D88401007AC641 /* JsonSearch.swift */; };
		92E554C424D88570007AC641 /* NetworkManager.swift in Sources */ = {isa = PBXBuildFile; fileRef = 92E554C324D88570007AC641 /* NetworkManager.swift */; };
		92FA20E424DEB6B10044CBE5 /* SearchViewModel.swift in Sources */ = {isa = PBXBuildFile; fileRef = 92FA20E324DEB6B10044CBE5 /* SearchViewModel.swift */; };
		92FA20E624DEB7EB0044CBE5 /* SearchViewModelCell.swift in Sources */ = {isa = PBXBuildFile; fileRef = 92FA20E524DEB7EB0044CBE5 /* SearchViewModelCell.swift */; };
/* End PBXBuildFile section */

/* Begin PBXFileReference section */
		9207FB392528AC4300B45285 /* CurentDateManager.swift */ = {isa = PBXFileReference; lastKnownFileType = sourcecode.swift; path = CurentDateManager.swift; sourceTree = "<group>"; };
		9236318524E80D9E006B4833 /* TabBarViewController.swift */ = {isa = PBXFileReference; lastKnownFileType = sourcecode.swift; path = TabBarViewController.swift; sourceTree = "<group>"; };
		9236318724E81494006B4833 /* PopularPhotosViewControler.swift */ = {isa = PBXFileReference; lastKnownFileType = sourcecode.swift; path = PopularPhotosViewControler.swift; sourceTree = "<group>"; };
		9236318924E81F5B006B4833 /* PopularPhotoViewCell.swift */ = {isa = PBXFileReference; lastKnownFileType = sourcecode.swift; path = PopularPhotoViewCell.swift; sourceTree = "<group>"; };
		926452A5252793340023F473 /* SearchViewCell.swift */ = {isa = PBXFileReference; lastKnownFileType = sourcecode.swift; path = SearchViewCell.swift; sourceTree = "<group>"; };
		927272AB2524902800A7A0A9 /* CastomScrollView.swift */ = {isa = PBXFileReference; lastKnownFileType = sourcecode.swift; path = CastomScrollView.swift; sourceTree = "<group>"; };
		928862682523F28E00F64233 /* Assets.xcassets */ = {isa = PBXFileReference; lastKnownFileType = folder.assetcatalog; path = Assets.xcassets; sourceTree = "<group>"; };
		929BE28E252A8F4500FC26C0 /* API.swift */ = {isa = PBXFileReference; lastKnownFileType = sourcecode.swift; path = API.swift; sourceTree = "<group>"; };
		929BE292252A8F6000FC26C0 /* Endpoint.swift */ = {isa = PBXFileReference; lastKnownFileType = sourcecode.swift; path = Endpoint.swift; sourceTree = "<group>"; };
		929E2E5325577A7900E8B8C9 /* URL+Extension.swift */ = {isa = PBXFileReference; lastKnownFileType = sourcecode.swift; path = "URL+Extension.swift"; sourceTree = "<group>"; };
		92A1A92224E823B60008356C /* PopularPhotosViewModel.swift */ = {isa = PBXFileReference; lastKnownFileType = sourcecode.swift; path = PopularPhotosViewModel.swift; sourceTree = "<group>"; };
		92A1A92424E839100008356C /* Photo.swift */ = {isa = PBXFileReference; lastKnownFileType = sourcecode.swift; path = Photo.swift; sourceTree = "<group>"; };
		92A1A92624E839950008356C /* Photos.swift */ = {isa = PBXFileReference; lastKnownFileType = sourcecode.swift; path = Photos.swift; sourceTree = "<group>"; };
		92A1A92824E83AAE0008356C /* JsonPhotoData.swift */ = {isa = PBXFileReference; lastKnownFileType = sourcecode.swift; path = JsonPhotoData.swift; sourceTree = "<group>"; };
		92A1A92A24E83B310008356C /* PopularPhotoViewModelCell.swift */ = {isa = PBXFileReference; lastKnownFileType = sourcecode.swift; path = PopularPhotoViewModelCell.swift; sourceTree = "<group>"; };
		92AA73A324EC784600A25F90 /* CollageViewController.swift */ = {isa = PBXFileReference; lastKnownFileType = sourcecode.swift; path = CollageViewController.swift; sourceTree = "<group>"; };
		92B30BAD24DF369F00B84DA3 /* Bulder.swift */ = {isa = PBXFileReference; lastKnownFileType = sourcecode.swift; path = Bulder.swift; sourceTree = "<group>"; };
		92BD01B924ECA21500ED64A5 /* CollageViewModel.swift */ = {isa = PBXFileReference; lastKnownFileType = sourcecode.swift; path = CollageViewModel.swift; sourceTree = "<group>"; };
		92BDA61E25253442008F75F2 /* UIImage+Extension.swift */ = {isa = PBXFileReference; lastKnownFileType = sourcecode.swift; path = "UIImage+Extension.swift"; sourceTree = "<group>"; };
		92CDC3F424D8ACF100A2D899 /* Cameras.swift */ = {isa = PBXFileReference; lastKnownFileType = sourcecode.swift; path = Cameras.swift; sourceTree = "<group>"; };
		92CDC3F624D8AD0700A2D899 /* Camera.swift */ = {isa = PBXFileReference; lastKnownFileType = sourcecode.swift; path = Camera.swift; sourceTree = "<group>"; };
		92CDC3F824D8AD2400A2D899 /* Details.swift */ = {isa = PBXFileReference; lastKnownFileType = sourcecode.swift; path = Details.swift; sourceTree = "<group>"; };
		92CDC3FA24D8AD3F00A2D899 /* ContentName.swift */ = {isa = PBXFileReference; lastKnownFileType = sourcecode.swift; path = ContentName.swift; sourceTree = "<group>"; };
		92CDC3FC24D8AD5700A2D899 /* Images.swift */ = {isa = PBXFileReference; lastKnownFileType = sourcecode.swift; path = Images.swift; sourceTree = "<group>"; };
		92D6CBAD252764AD00EE27EA /* SearchDetailViewCell.swift */ = {isa = PBXFileReference; lastKnownFileType = sourcecode.swift; path = SearchDetailViewCell.swift; sourceTree = "<group>"; };
		92E554AA24D88331007AC641 /* FlickrClient.app */ = {isa = PBXFileReference; explicitFileType = wrapper.application; includeInIndex = 0; path = FlickrClient.app; sourceTree = BUILT_PRODUCTS_DIR; };
		92E554AD24D88331007AC641 /* AppDelegate.swift */ = {isa = PBXFileReference; lastKnownFileType = sourcecode.swift; path = AppDelegate.swift; sourceTree = "<group>"; };
		92E554AF24D88331007AC641 /* SceneDelegate.swift */ = {isa = PBXFileReference; lastKnownFileType = sourcecode.swift; path = SceneDelegate.swift; sourceTree = "<group>"; };
		92E554B124D88331007AC641 /* SearchViewController.swift */ = {isa = PBXFileReference; lastKnownFileType = sourcecode.swift; path = SearchViewController.swift; sourceTree = "<group>"; };
		92E554B924D88335007AC641 /* Base */ = {isa = PBXFileReference; lastKnownFileType = file.storyboard; name = Base; path = Base.lproj/LaunchScreen.storyboard; sourceTree = "<group>"; };
		92E554BB24D88335007AC641 /* Info.plist */ = {isa = PBXFileReference; lastKnownFileType = text.plist.xml; path = Info.plist; sourceTree = "<group>"; };
		92E554C124D88401007AC641 /* JsonSearch.swift */ = {isa = PBXFileReference; lastKnownFileType = sourcecode.swift; path = JsonSearch.swift; sourceTree = "<group>"; };
		92E554C324D88570007AC641 /* NetworkManager.swift */ = {isa = PBXFileReference; lastKnownFileType = sourcecode.swift; path = NetworkManager.swift; sourceTree = "<group>"; };
		92FA20E324DEB6B10044CBE5 /* SearchViewModel.swift */ = {isa = PBXFileReference; lastKnownFileType = sourcecode.swift; path = SearchViewModel.swift; sourceTree = "<group>"; };
		92FA20E524DEB7EB0044CBE5 /* SearchViewModelCell.swift */ = {isa = PBXFileReference; lastKnownFileType = sourcecode.swift; path = SearchViewModelCell.swift; sourceTree = "<group>"; };
/* End PBXFileReference section */

/* Begin PBXFrameworksBuildPhase section */
		92E554A724D88331007AC641 /* Frameworks */ = {
			isa = PBXFrameworksBuildPhase;
			buildActionMask = 2147483647;
			files = (
				9247DB0124E9DBDD006A6550 /* Kingfisher in Frameworks */,
				92D6CBB22527656E00EE27EA /* SnapKit in Frameworks */,
			);
			runOnlyForDeploymentPostprocessing = 0;
		};
/* End PBXFrameworksBuildPhase section */

/* Begin PBXGroup section */
		928E2E9425580AB800444CFF /* SearchModel */ = {
			isa = PBXGroup;
			children = (
				92E554C124D88401007AC641 /* JsonSearch.swift */,
				92CDC3FC24D8AD5700A2D899 /* Images.swift */,
				92CDC3FA24D8AD3F00A2D899 /* ContentName.swift */,
				92CDC3F824D8AD2400A2D899 /* Details.swift */,
				92CDC3F624D8AD0700A2D899 /* Camera.swift */,
				92CDC3F424D8ACF100A2D899 /* Cameras.swift */,
			);
			path = SearchModel;
			sourceTree = "<group>";
		};
		928E2E9725580ADC00444CFF /* PhotosModel */ = {
			isa = PBXGroup;
			children = (
				92A1A92824E83AAE0008356C /* JsonPhotoData.swift */,
				92A1A92624E839950008356C /* Photos.swift */,
				92A1A92424E839100008356C /* Photo.swift */,
			);
			path = PhotosModel;
			sourceTree = "<group>";
		};
		929BE28D252A8F1A00FC26C0 /* NetworkServis */ = {
			isa = PBXGroup;
			children = (
				92E554C324D88570007AC641 /* NetworkManager.swift */,
				929BE292252A8F6000FC26C0 /* Endpoint.swift */,
				929BE28E252A8F4500FC26C0 /* API.swift */,
			);
			path = NetworkServis;
			sourceTree = "<group>";
		};
		92BD01B624EC91E400ED64A5 /* CastomView */ = {
			isa = PBXGroup;
			children = (
				927272AB2524902800A7A0A9 /* CastomScrollView.swift */,
			);
			path = CastomView;
			sourceTree = "<group>";
		};
		92BDA621252534E5008F75F2 /* Extension */ = {
			isa = PBXGroup;
			children = (
				92BDA61E25253442008F75F2 /* UIImage+Extension.swift */,
				929E2E5325577A7900E8B8C9 /* URL+Extension.swift */,
			);
			path = Extension;
			sourceTree = "<group>";
		};
		92E554A124D88331007AC641 = {
			isa = PBXGroup;
			children = (
				92E554AC24D88331007AC641 /* FlickrClient */,
				92E554AB24D88331007AC641 /* Products */,
			);
			sourceTree = "<group>";
		};
		92E554AB24D88331007AC641 /* Products */ = {
			isa = PBXGroup;
			children = (
				92E554AA24D88331007AC641 /* FlickrClient.app */,
			);
			name = Products;
			sourceTree = "<group>";
		};
		92E554AC24D88331007AC641 /* FlickrClient */ = {
			isa = PBXGroup;
			children = (
				92E554AD24D88331007AC641 /* AppDelegate.swift */,
				92E554AF24D88331007AC641 /* SceneDelegate.swift */,
				92B30BAD24DF369F00B84DA3 /* Bulder.swift */,
				92E554C824D8AAC1007AC641 /* View */,
				92E554C724D8AA9E007AC641 /* ViewModel */,
				92E554C924D8AAC7007AC641 /* Model */,
				92E554CA24D8AADA007AC641 /* Servises */,
				928862682523F28E00F64233 /* Assets.xcassets */,
				92E554B824D88335007AC641 /* LaunchScreen.storyboard */,
				92E554BB24D88335007AC641 /* Info.plist */,
			);
			path = FlickrClient;
			sourceTree = "<group>";
		};
		92E554C724D8AA9E007AC641 /* ViewModel */ = {
			isa = PBXGroup;
			children = (
				92FA20E324DEB6B10044CBE5 /* SearchViewModel.swift */,
				92FA20E524DEB7EB0044CBE5 /* SearchViewModelCell.swift */,
				92A1A92224E823B60008356C /* PopularPhotosViewModel.swift */,
				92A1A92A24E83B310008356C /* PopularPhotoViewModelCell.swift */,
				92BD01B924ECA21500ED64A5 /* CollageViewModel.swift */,
			);
			path = ViewModel;
			sourceTree = "<group>";
		};
		92E554C824D8AAC1007AC641 /* View */ = {
			isa = PBXGroup;
			children = (
				9236318524E80D9E006B4833 /* TabBarViewController.swift */,
				92E554B124D88331007AC641 /* SearchViewController.swift */,
				9236318724E81494006B4833 /* PopularPhotosViewControler.swift */,
				92AA73A324EC784600A25F90 /* CollageViewController.swift */,
				92FA20E224DEB6920044CBE5 /* Cell */,
				92BD01B624EC91E400ED64A5 /* CastomView */,
				92BDA621252534E5008F75F2 /* Extension */,
			);
			path = View;
			sourceTree = "<group>";
		};
		92E554C924D8AAC7007AC641 /* Model */ = {
			isa = PBXGroup;
			children = (
				928E2E9425580AB800444CFF /* SearchModel */,
				928E2E9725580ADC00444CFF /* PhotosModel */,
			);
			path = Model;
			sourceTree = "<group>";
		};
		92E554CA24D8AADA007AC641 /* Servises */ = {
			isa = PBXGroup;
			children = (
				929BE28D252A8F1A00FC26C0 /* NetworkServis */,
				9207FB392528AC4300B45285 /* CurentDateManager.swift */,
			);
			path = Servises;
			sourceTree = "<group>";
		};
		92FA20E224DEB6920044CBE5 /* Cell */ = {
			isa = PBXGroup;
			children = (
				926452A5252793340023F473 /* SearchViewCell.swift */,
				92D6CBAD252764AD00EE27EA /* SearchDetailViewCell.swift */,
				9236318924E81F5B006B4833 /* PopularPhotoViewCell.swift */,
			);
			path = Cell;
			sourceTree = "<group>";
		};
/* End PBXGroup section */

/* Begin PBXNativeTarget section */
		92E554A924D88331007AC641 /* FlickrClient */ = {
			isa = PBXNativeTarget;
			buildConfigurationList = 92E554BE24D88335007AC641 /* Build configuration list for PBXNativeTarget "FlickrClient" */;
			buildPhases = (
				92E554A624D88331007AC641 /* Sources */,
				92E554A724D88331007AC641 /* Frameworks */,
				92E554A824D88331007AC641 /* Resources */,
			);
			buildRules = (
			);
			dependencies = (
			);
			name = FlickrClient;
			packageProductDependencies = (
				9247DB0024E9DBDD006A6550 /* Kingfisher */,
				92D6CBB12527656E00EE27EA /* SnapKit */,
			);
			productName = FlickrSearchPhotos;
			productReference = 92E554AA24D88331007AC641 /* FlickrClient.app */;
			productType = "com.apple.product-type.application";
		};
/* End PBXNativeTarget section */

/* Begin PBXProject section */
		92E554A224D88331007AC641 /* Project object */ = {
			isa = PBXProject;
			attributes = {
				LastSwiftUpdateCheck = 1160;
				LastUpgradeCheck = 1200;
				ORGANIZATIONNAME = "Denis Ivanov";
				TargetAttributes = {
					92E554A924D88331007AC641 = {
						CreatedOnToolsVersion = 11.6;
					};
				};
			};
			buildConfigurationList = 92E554A524D88331007AC641 /* Build configuration list for PBXProject "FlickrClient" */;
			compatibilityVersion = "Xcode 9.3";
			developmentRegion = en;
			hasScannedForEncodings = 0;
			knownRegions = (
				en,
				Base,
			);
			mainGroup = 92E554A124D88331007AC641;
			packageReferences = (
				9247DAFF24E9DBDD006A6550 /* XCRemoteSwiftPackageReference "Kingfisher" */,
				92D6CBB02527656E00EE27EA /* XCRemoteSwiftPackageReference "SnapKit" */,
			);
			productRefGroup = 92E554AB24D88331007AC641 /* Products */;
			projectDirPath = "";
			projectRoot = "";
			targets = (
				92E554A924D88331007AC641 /* FlickrClient */,
			);
		};
/* End PBXProject section */

/* Begin PBXResourcesBuildPhase section */
		92E554A824D88331007AC641 /* Resources */ = {
			isa = PBXResourcesBuildPhase;
			buildActionMask = 2147483647;
			files = (
				928862692523F28E00F64233 /* Assets.xcassets in Resources */,
				92E554BA24D88335007AC641 /* LaunchScreen.storyboard in Resources */,
			);
			runOnlyForDeploymentPostprocessing = 0;
		};
/* End PBXResourcesBuildPhase section */

/* Begin PBXSourcesBuildPhase section */
		92E554A624D88331007AC641 /* Sources */ = {
			isa = PBXSourcesBuildPhase;
			buildActionMask = 2147483647;
			files = (
				92A1A92524E839100008356C /* Photo.swift in Sources */,
				927272AC2524902800A7A0A9 /* CastomScrollView.swift in Sources */,
				9236318824E81494006B4833 /* PopularPhotosViewControler.swift in Sources */,
				92E554B224D88331007AC641 /* SearchViewController.swift in Sources */,
				92CDC3FD24D8AD5700A2D899 /* Images.swift in Sources */,
				92E554C224D88401007AC641 /* JsonSearch.swift in Sources */,
				92AA73A424EC784600A25F90 /* CollageViewController.swift in Sources */,
				92E554C424D88570007AC641 /* NetworkManager.swift in Sources */,
				92B30BAE24DF369F00B84DA3 /* Bulder.swift in Sources */,
				929E2E5425577A7900E8B8C9 /* URL+Extension.swift in Sources */,
				92A1A92324E823B60008356C /* PopularPhotosViewModel.swift in Sources */,
				92FA20E424DEB6B10044CBE5 /* SearchViewModel.swift in Sources */,
				92CDC3F524D8ACF100A2D899 /* Cameras.swift in Sources */,
				92BD01BA24ECA21500ED64A5 /* CollageViewModel.swift in Sources */,
				92BDA61F25253442008F75F2 /* UIImage+Extension.swift in Sources */,
				9236318A24E81F5B006B4833 /* PopularPhotoViewCell.swift in Sources */,
				9236318624E80D9E006B4833 /* TabBarViewController.swift in Sources */,
				92A1A92924E83AAE0008356C /* JsonPhotoData.swift in Sources */,
				92CDC3F924D8AD2400A2D899 /* Details.swift in Sources */,
				92A1A92724E839950008356C /* Photos.swift in Sources */,
				929BE28F252A8F4500FC26C0 /* API.swift in Sources */,
				92CDC3FB24D8AD3F00A2D899 /* ContentName.swift in Sources */,
				92A1A92B24E83B310008356C /* PopularPhotoViewModelCell.swift in Sources */,
				92FA20E624DEB7EB0044CBE5 /* SearchViewModelCell.swift in Sources */,
				92E554AE24D88331007AC641 /* AppDelegate.swift in Sources */,
				92E554B024D88331007AC641 /* SceneDelegate.swift in Sources */,
				9207FB3A2528AC4300B45285 /* CurentDateManager.swift in Sources */,
				92D6CBAE252764AD00EE27EA /* SearchDetailViewCell.swift in Sources */,
				92CDC3F724D8AD0700A2D899 /* Camera.swift in Sources */,
				929BE293252A8F6000FC26C0 /* Endpoint.swift in Sources */,
				926452A6252793340023F473 /* SearchViewCell.swift in Sources */,
			);
			runOnlyForDeploymentPostprocessing = 0;
		};
/* End PBXSourcesBuildPhase section */

/* Begin PBXVariantGroup section */
		92E554B824D88335007AC641 /* LaunchScreen.storyboard */ = {
			isa = PBXVariantGroup;
			children = (
				92E554B924D88335007AC641 /* Base */,
			);
			name = LaunchScreen.storyboard;
			sourceTree = "<group>";
		};
/* End PBXVariantGroup section */

/* Begin XCBuildConfiguration section */
		92E554BC24D88335007AC641 /* Debug */ = {
			isa = XCBuildConfiguration;
			buildSettings = {
				ALWAYS_SEARCH_USER_PATHS = NO;
				CLANG_ANALYZER_NONNULL = YES;
				CLANG_ANALYZER_NUMBER_OBJECT_CONVERSION = YES_AGGRESSIVE;
				CLANG_CXX_LANGUAGE_STANDARD = "gnu++14";
				CLANG_CXX_LIBRARY = "libc++";
				CLANG_ENABLE_MODULES = YES;
				CLANG_ENABLE_OBJC_ARC = YES;
				CLANG_ENABLE_OBJC_WEAK = YES;
				CLANG_WARN_BLOCK_CAPTURE_AUTORELEASING = YES;
				CLANG_WARN_BOOL_CONVERSION = YES;
				CLANG_WARN_COMMA = YES;
				CLANG_WARN_CONSTANT_CONVERSION = YES;
				CLANG_WARN_DEPRECATED_OBJC_IMPLEMENTATIONS = YES;
				CLANG_WARN_DIRECT_OBJC_ISA_USAGE = YES_ERROR;
				CLANG_WARN_DOCUMENTATION_COMMENTS = YES;
				CLANG_WARN_EMPTY_BODY = YES;
				CLANG_WARN_ENUM_CONVERSION = YES;
				CLANG_WARN_INFINITE_RECURSION = YES;
				CLANG_WARN_INT_CONVERSION = YES;
				CLANG_WARN_NON_LITERAL_NULL_CONVERSION = YES;
				CLANG_WARN_OBJC_IMPLICIT_RETAIN_SELF = YES;
				CLANG_WARN_OBJC_LITERAL_CONVERSION = YES;
				CLANG_WARN_OBJC_ROOT_CLASS = YES_ERROR;
				CLANG_WARN_QUOTED_INCLUDE_IN_FRAMEWORK_HEADER = YES;
				CLANG_WARN_RANGE_LOOP_ANALYSIS = YES;
				CLANG_WARN_STRICT_PROTOTYPES = YES;
				CLANG_WARN_SUSPICIOUS_MOVE = YES;
				CLANG_WARN_UNGUARDED_AVAILABILITY = YES_AGGRESSIVE;
				CLANG_WARN_UNREACHABLE_CODE = YES;
				CLANG_WARN__DUPLICATE_METHOD_MATCH = YES;
				COPY_PHASE_STRIP = NO;
				DEBUG_INFORMATION_FORMAT = dwarf;
				ENABLE_STRICT_OBJC_MSGSEND = YES;
				ENABLE_TESTABILITY = YES;
				GCC_C_LANGUAGE_STANDARD = gnu11;
				GCC_DYNAMIC_NO_PIC = NO;
				GCC_NO_COMMON_BLOCKS = YES;
				GCC_OPTIMIZATION_LEVEL = 0;
				GCC_PREPROCESSOR_DEFINITIONS = (
					"DEBUG=1",
					"$(inherited)",
				);
				GCC_WARN_64_TO_32_BIT_CONVERSION = YES;
				GCC_WARN_ABOUT_RETURN_TYPE = YES_ERROR;
				GCC_WARN_UNDECLARED_SELECTOR = YES;
				GCC_WARN_UNINITIALIZED_AUTOS = YES_AGGRESSIVE;
				GCC_WARN_UNUSED_FUNCTION = YES;
				GCC_WARN_UNUSED_VARIABLE = YES;
				IPHONEOS_DEPLOYMENT_TARGET = 13.6;
				MTL_ENABLE_DEBUG_INFO = INCLUDE_SOURCE;
				MTL_FAST_MATH = YES;
				ONLY_ACTIVE_ARCH = YES;
				SDKROOT = iphoneos;
				SWIFT_ACTIVE_COMPILATION_CONDITIONS = DEBUG;
				SWIFT_OPTIMIZATION_LEVEL = "-Onone";
			};
			name = Debug;
		};
		92E554BD24D88335007AC641 /* Release */ = {
			isa = XCBuildConfiguration;
			buildSettings = {
				ALWAYS_SEARCH_USER_PATHS = NO;
				CLANG_ANALYZER_NONNULL = YES;
				CLANG_ANALYZER_NUMBER_OBJECT_CONVERSION = YES_AGGRESSIVE;
				CLANG_CXX_LANGUAGE_STANDARD = "gnu++14";
				CLANG_CXX_LIBRARY = "libc++";
				CLANG_ENABLE_MODULES = YES;
				CLANG_ENABLE_OBJC_ARC = YES;
				CLANG_ENABLE_OBJC_WEAK = YES;
				CLANG_WARN_BLOCK_CAPTURE_AUTORELEASING = YES;
				CLANG_WARN_BOOL_CONVERSION = YES;
				CLANG_WARN_COMMA = YES;
				CLANG_WARN_CONSTANT_CONVERSION = YES;
				CLANG_WARN_DEPRECATED_OBJC_IMPLEMENTATIONS = YES;
				CLANG_WARN_DIRECT_OBJC_ISA_USAGE = YES_ERROR;
				CLANG_WARN_DOCUMENTATION_COMMENTS = YES;
				CLANG_WARN_EMPTY_BODY = YES;
				CLANG_WARN_ENUM_CONVERSION = YES;
				CLANG_WARN_INFINITE_RECURSION = YES;
				CLANG_WARN_INT_CONVERSION = YES;
				CLANG_WARN_NON_LITERAL_NULL_CONVERSION = YES;
				CLANG_WARN_OBJC_IMPLICIT_RETAIN_SELF = YES;
				CLANG_WARN_OBJC_LITERAL_CONVERSION = YES;
				CLANG_WARN_OBJC_ROOT_CLASS = YES_ERROR;
				CLANG_WARN_QUOTED_INCLUDE_IN_FRAMEWORK_HEADER = YES;
				CLANG_WARN_RANGE_LOOP_ANALYSIS = YES;
				CLANG_WARN_STRICT_PROTOTYPES = YES;
				CLANG_WARN_SUSPICIOUS_MOVE = YES;
				CLANG_WARN_UNGUARDED_AVAILABILITY = YES_AGGRESSIVE;
				CLANG_WARN_UNREACHABLE_CODE = YES;
				CLANG_WARN__DUPLICATE_METHOD_MATCH = YES;
				COPY_PHASE_STRIP = NO;
				DEBUG_INFORMATION_FORMAT = "dwarf-with-dsym";
				ENABLE_NS_ASSERTIONS = NO;
				ENABLE_STRICT_OBJC_MSGSEND = YES;
				GCC_C_LANGUAGE_STANDARD = gnu11;
				GCC_NO_COMMON_BLOCKS = YES;
				GCC_WARN_64_TO_32_BIT_CONVERSION = YES;
				GCC_WARN_ABOUT_RETURN_TYPE = YES_ERROR;
				GCC_WARN_UNDECLARED_SELECTOR = YES;
				GCC_WARN_UNINITIALIZED_AUTOS = YES_AGGRESSIVE;
				GCC_WARN_UNUSED_FUNCTION = YES;
				GCC_WARN_UNUSED_VARIABLE = YES;
				IPHONEOS_DEPLOYMENT_TARGET = 13.6;
				MTL_ENABLE_DEBUG_INFO = NO;
				MTL_FAST_MATH = YES;
				SDKROOT = iphoneos;
				SWIFT_COMPILATION_MODE = wholemodule;
				SWIFT_OPTIMIZATION_LEVEL = "-O";
				VALIDATE_PRODUCT = YES;
			};
			name = Release;
		};
		92E554BF24D88335007AC641 /* Debug */ = {
			isa = XCBuildConfiguration;
			buildSettings = {
				ASSETCATALOG_COMPILER_APPICON_NAME = AppIcon;
				CODE_SIGN_IDENTITY = "Apple Development";
				CODE_SIGN_STYLE = Automatic;
				DEVELOPMENT_TEAM = 7B369WKZS6;
				INFOPLIST_FILE = FlickrClient/Info.plist;
				IPHONEOS_DEPLOYMENT_TARGET = 13.0;
				LD_RUNPATH_SEARCH_PATHS = (
					"$(inherited)",
					"@executable_path/Frameworks",
				);
				PRODUCT_BUNDLE_IDENTIFIER = com.123.FlickrClient;
				PRODUCT_NAME = "$(TARGET_NAME)";
				PROVISIONING_PROFILE_SPECIFIER = "";
				SWIFT_VERSION = 5.0;
				TARGETED_DEVICE_FAMILY = 1;
			};
			name = Debug;
		};
		92E554C024D88335007AC641 /* Release */ = {
			isa = XCBuildConfiguration;
			buildSettings = {
				ASSETCATALOG_COMPILER_APPICON_NAME = AppIcon;
				CODE_SIGN_IDENTITY = "Apple Development";
				CODE_SIGN_STYLE = Automatic;
				DEVELOPMENT_TEAM = "";
				INFOPLIST_FILE = FlickrClient/Info.plist;
				IPHONEOS_DEPLOYMENT_TARGET = 13.0;
				LD_RUNPATH_SEARCH_PATHS = (
					"$(inherited)",
					"@executable_path/Frameworks",
				);
				PRODUCT_BUNDLE_IDENTIFIER = com.123.FlickrClient1;
				PRODUCT_NAME = "$(TARGET_NAME)";
				PROVISIONING_PROFILE_SPECIFIER = "";
				SWIFT_VERSION = 5.0;
				TARGETED_DEVICE_FAMILY = 1;
			};
			name = Release;
		};
/* End XCBuildConfiguration section */

/* Begin XCConfigurationList section */
		92E554A524D88331007AC641 /* Build configuration list for PBXProject "FlickrClient" */ = {
			isa = XCConfigurationList;
			buildConfigurations = (
				92E554BC24D88335007AC641 /* Debug */,
				92E554BD24D88335007AC641 /* Release */,
			);
			defaultConfigurationIsVisible = 0;
			defaultConfigurationName = Release;
		};
		92E554BE24D88335007AC641 /* Build configuration list for PBXNativeTarget "FlickrClient" */ = {
			isa = XCConfigurationList;
			buildConfigurations = (
				92E554BF24D88335007AC641 /* Debug */,
				92E554C024D88335007AC641 /* Release */,
			);
			defaultConfigurationIsVisible = 0;
			defaultConfigurationName = Release;
		};
/* End XCConfigurationList section */

/* Begin XCRemoteSwiftPackageReference section */
		9247DAFF24E9DBDD006A6550 /* XCRemoteSwiftPackageReference "Kingfisher" */ = {
			isa = XCRemoteSwiftPackageReference;
			repositoryURL = "https://github.com/onevcat/Kingfisher.git";
			requirement = {
				kind = upToNextMajorVersion;
				minimumVersion = 5.14.1;
			};
		};
		92D6CBB02527656E00EE27EA /* XCRemoteSwiftPackageReference "SnapKit" */ = {
			isa = XCRemoteSwiftPackageReference;
			repositoryURL = "https://github.com/SnapKit/SnapKit.git";
			requirement = {
				kind = upToNextMajorVersion;
				minimumVersion = 5.0.1;
			};
		};
/* End XCRemoteSwiftPackageReference section */

/* Begin XCSwiftPackageProductDependency section */
		9247DB0024E9DBDD006A6550 /* Kingfisher */ = {
			isa = XCSwiftPackageProductDependency;
			package = 9247DAFF24E9DBDD006A6550 /* XCRemoteSwiftPackageReference "Kingfisher" */;
			productName = Kingfisher;
		};
		92D6CBB12527656E00EE27EA /* SnapKit */ = {
			isa = XCSwiftPackageProductDependency;
			package = 92D6CBB02527656E00EE27EA /* XCRemoteSwiftPackageReference "SnapKit" */;
			productName = SnapKit;
		};
/* End XCSwiftPackageProductDependency section */
	};
	rootObject = 92E554A224D88331007AC641 /* Project object */;
}
